// !$*UTF8*$!
{
	archiveVersion = 1;
	classes = {
	};
	objectVersion = 46;
	objects = {

/* Begin PBXBuildFile section */
		02EA85F01DB3C63400A234FA /* AppDelegate.swift in Sources */ = {isa = PBXBuildFile; fileRef = 02EA85EF1DB3C63400A234FA /* AppDelegate.swift */; };
		02EA85F21DB3C63400A234FA /* ViewController.swift in Sources */ = {isa = PBXBuildFile; fileRef = 02EA85F11DB3C63400A234FA /* ViewController.swift */; };
		02EA85F51DB3C63400A234FA /* Main.storyboard in Resources */ = {isa = PBXBuildFile; fileRef = 02EA85F31DB3C63400A234FA /* Main.storyboard */; };
		02EA85F71DB3C63400A234FA /* Assets.xcassets in Resources */ = {isa = PBXBuildFile; fileRef = 02EA85F61DB3C63400A234FA /* Assets.xcassets */; };
		02EA85FA1DB3C63400A234FA /* LaunchScreen.storyboard in Resources */ = {isa = PBXBuildFile; fileRef = 02EA85F81DB3C63400A234FA /* LaunchScreen.storyboard */; };
/* End PBXBuildFile section */

/* Begin PBXFileReference section */
		02EA85EC1DB3C63400A234FA /* IG_test_1016.app */ = {isa = PBXFileReference; explicitFileType = wrapper.application; includeInIndex = 0; path = IG_test_1016.app; sourceTree = BUILT_PRODUCTS_DIR; };
		02EA85EF1DB3C63400A234FA /* AppDelegate.swift */ = {isa = PBXFileReference; lastKnownFileType = sourcecode.swift; path = AppDelegate.swift; sourceTree = "<group>"; };
		02EA85F11DB3C63400A234FA /* ViewController.swift */ = {isa = PBXFileReference; lastKnownFileType = sourcecode.swift; path = ViewController.swift; sourceTree = "<group>"; };
		02EA85F41DB3C63400A234FA /* Base */ = {isa = PBXFileReference; lastKnownFileType = file.storyboard; name = Base; path = Base.lproj/Main.storyboard; sourceTree = "<group>"; };
		02EA85F61DB3C63400A234FA /* Assets.xcassets */ = {isa = PBXFileReference; lastKnownFileType = folder.assetcatalog; path = Assets.xcassets; sourceTree = "<group>"; };
		02EA85F91DB3C63400A234FA /* Base */ = {isa = PBXFileReference; lastKnownFileType = file.storyboard; name = Base; path = Base.lproj/LaunchScreen.storyboard; sourceTree = "<group>"; };
		02EA85FB1DB3C63400A234FA /* Info.plist */ = {isa = PBXFileReference; lastKnownFileType = text.plist.xml; path = Info.plist; sourceTree = "<group>"; };
/* End PBXFileReference section */

/* Begin PBXFrameworksBuildPhase section */
		02EA85E91DB3C63300A234FA /* Frameworks */ = {
			isa = PBXFrameworksBuildPhase;
			buildActionMask = 2147483647;
			files = (
			);
			runOnlyForDeploymentPostprocessing = 0;
		};
/* End PBXFrameworksBuildPhase section */

/* Begin PBXGroup section */
		02EA85E31DB3C63300A234FA = {
			isa = PBXGroup;
			children = (
				02EA85EE1DB3C63400A234FA /* IG_test_1016 */,
				02EA85ED1DB3C63400A234FA /* Products */,
			);
			sourceTree = "<group>";
		};
		02EA85ED1DB3C63400A234FA /* Products */ = {
			isa = PBXGroup;
			children = (
				02EA85EC1DB3C63400A234FA /* IG_test_1016.app */,
			);
			name = Products;
			sourceTree = "<group>";
		};
		02EA85EE1DB3C63400A234FA /* IG_test_1016 */ = {
			isa = PBXGroup;
			children = (
				02EA85EF1DB3C63400A234FA /* AppDelegate.swift */,
				02EA85F11DB3C63400A234FA /* ViewController.swift */,
				02EA85F31DB3C63400A234FA /* Main.storyboard */,
				02EA85F61DB3C63400A234FA /* Assets.xcassets */,
				02EA85F81DB3C63400A234FA /* LaunchScreen.storyboard */,
				02EA85FB1DB3C63400A234FA /* Info.plist */,
			);
			path = IG_test_1016;
			sourceTree = "<group>";
		};
/* End PBXGroup section */

/* Begin PBXNativeTarget section */
		02EA85EB1DB3C63300A234FA /* IG_test_1016 */ = {
			isa = PBXNativeTarget;
			buildConfigurationList = 02EA85FE1DB3C63400A234FA /* Build configuration list for PBXNativeTarget "IG_test_1016" */;
			buildPhases = (
				02EA85E81DB3C63300A234FA /* Sources */,
				02EA85E91DB3C63300A234FA /* Frameworks */,
				02EA85EA1DB3C63300A234FA /* Resources */,
			);
			buildRules = (
			);
			dependencies = (
			);
			name = IG_test_1016;
			productName = IG_test_1016;
			productReference = 02EA85EC1DB3C63400A234FA /* IG_test_1016.app */;
			productType = "com.apple.product-type.application";
		};
/* End PBXNativeTarget section */

/* Begin PBXProject section */
		02EA85E41DB3C63300A234FA /* Project object */ = {
			isa = PBXProject;
			attributes = {
				LastSwiftUpdateCheck = 0800;
				LastUpgradeCheck = 0800;
				ORGANIZATIONNAME = "Jerome Kuo";
				TargetAttributes = {
					02EA85EB1DB3C63300A234FA = {
						CreatedOnToolsVersion = 8.0;
						DevelopmentTeam = X73D3T9G92;
						ProvisioningStyle = Automatic;
					};
				};
			};
			buildConfigurationList = 02EA85E71DB3C63300A234FA /* Build configuration list for PBXProject "IG_test_1016" */;
			compatibilityVersion = "Xcode 3.2";
			developmentRegion = English;
			hasScannedForEncodings = 0;
			knownRegions = (
				en,
				Base,
			);
			mainGroup = 02EA85E31DB3C63300A234FA;
			productRefGroup = 02EA85ED1DB3C63400A234FA /* Products */;
			projectDirPath = "";
			projectRoot = "";
			targets = (
				02EA85EB1DB3C63300A234FA /* IG_test_1016 */,
			);
		};
/* End PBXProject section */

/* Begin PBXResourcesBuildPhase section */
		02EA85EA1DB3C63300A234FA /* Resources */ = {
			isa = PBXResourcesBuildPhase;
			buildActionMask = 2147483647;
			files = (
				02EA85FA1DB3C63400A234FA /* LaunchScreen.storyboard in Resources */,
				02EA85F71DB3C63400A234FA /* Assets.xcassets in Resources */,
				02EA85F51DB3C63400A234FA /* Main.storyboard in Resources */,
			);
			runOnlyForDeploymentPostprocessing = 0;
		};
/* End PBXResourcesBuildPhase section */

/* Begin PBXSourcesBuildPhase section */
		02EA85E81DB3C63300A234FA /* Sources */ = {
			isa = PBXSourcesBuildPhase;
			buildActionMask = 2147483647;
			files = (
				02EA85F21DB3C63400A234FA /* ViewController.swift in Sources */,
				02EA85F01DB3C63400A234FA /* AppDelegate.swift in Sources */,
			);
			runOnlyForDeploymentPostprocessing = 0;
		};
/* End PBXSourcesBuildPhase section */

/* Begin PBXVariantGroup section */
		02EA85F31DB3C63400A234FA /* Main.storyboard */ = {
			isa = PBXVariantGroup;
			children = (
				02EA85F41DB3C63400A234FA /* Base */,
			);
			name = Main.storyboard;
			sourceTree = "<group>";
		};
		02EA85F81DB3C63400A234FA /* LaunchScreen.storyboard */ = {
			isa = PBXVariantGroup;
			children = (
				02EA85F91DB3C63400A234FA /* Base */,
			);
			name = LaunchScreen.storyboard;
			sourceTree = "<group>";
		};
/* End PBXVariantGroup section */

/* Begin XCBuildConfiguration section */
		02EA85FC1DB3C63400A234FA /* Debug */ = {
			isa = XCBuildConfiguration;
			buildSettings = {
				ALWAYS_SEARCH_USER_PATHS = NO;
				CLANG_ANALYZER_NONNULL = YES;
				CLANG_CXX_LANGUAGE_STANDARD = "gnu++0x";
				CLANG_CXX_LIBRARY = "libc++";
				CLANG_ENABLE_MODULES = YES;
				CLANG_ENABLE_OBJC_ARC = YES;
				CLANG_WARN_BOOL_CONVERSION = YES;
				CLANG_WARN_CONSTANT_CONVERSION = YES;
				CLANG_WARN_DIRECT_OBJC_ISA_USAGE = YES_ERROR;
				CLANG_WARN_DOCUMENTATION_COMMENTS = YES;
				CLANG_WARN_EMPTY_BODY = YES;
				CLANG_WARN_ENUM_CONVERSION = YES;
				CLANG_WARN_INFINITE_RECURSION = YES;
				CLANG_WARN_INT_CONVERSION = YES;
				CLANG_WARN_OBJC_ROOT_CLASS = YES_ERROR;
				CLANG_WARN_SUSPICIOUS_MOVES = YES;
				CLANG_WARN_UNREACHABLE_CODE = YES;
				CLANG_WARN__DUPLICATE_METHOD_MATCH = YES;
				"CODE_SIGN_IDENTITY[sdk=iphoneos*]" = "iPhone Developer";
				COPY_PHASE_STRIP = NO;
				DEBUG_INFORMATION_FORMAT = dwarf;
				ENABLE_STRICT_OBJC_MSGSEND = YES;
				ENABLE_TESTABILITY = YES;
				GCC_C_LANGUAGE_STANDARD = gnu99;
				GCC_DYNAMIC_NO_PIC = NO;
				GCC_NO_COMMON_BLOCKS = YES;
				GCC_OPTIMIZATION_LEVEL = 0;
				GCC_PREPROCESSOR_DEFINITIONS = (
					"DEBUG=1",
					"$(inherited)",
				);
				GCC_WARN_64_TO_32_BIT_CONVERSION = YES;
				GCC_WARN_ABOUT_RETURN_TYPE = YES_ERROR;
				GCC_WARN_UNDECLARED_SELECTOR = YES;
				GCC_WARN_UNINITIALIZED_AUTOS = YES_AGGRESSIVE;
				GCC_WARN_UNUSED_FUNCTION = YES;
				GCC_WARN_UNUSED_VARIABLE = YES;
				IPHONEOS_DEPLOYMENT_TARGET = 10.0;
				MTL_ENABLE_DEBUG_INFO = YES;
				ONLY_ACTIVE_ARCH = YES;
				SDKROOT = iphoneos;
				SWIFT_ACTIVE_COMPILATION_CONDITIONS = DEBUG;
				SWIFT_OPTIMIZATION_LEVEL = "-Onone";
				TARGETED_DEVICE_FAMILY = "1,2";
			};
			name = Debug;
		};
		02EA85FD1DB3C63400A234FA /* Release */ = {
			isa = XCBuildConfiguration;
			buildSettings = {
				ALWAYS_SEARCH_USER_PATHS = NO;
				CLANG_ANALYZER_NONNULL = YES;
				CLANG_CXX_LANGUAGE_STANDARD = "gnu++0x";
				CLANG_CXX_LIBRARY = "libc++";
				CLANG_ENABLE_MODULES = YES;
				CLANG_ENABLE_OBJC_ARC = YES;
				CLANG_WARN_BOOL_CONVERSION = YES;
				CLANG_WARN_CONSTANT_CONVERSION = YES;
				CLANG_WARN_DIRECT_OBJC_ISA_USAGE = YES_ERROR;
				CLANG_WARN_DOCUMENTATION_COMMENTS = YES;
				CLANG_WARN_EMPTY_BODY = YES;
				CLANG_WARN_ENUM_CONVERSION = YES;
				CLANG_WARN_INFINITE_RECURSION = YES;
				CLANG_WARN_INT_CONVERSION = YES;
				CLANG_WARN_OBJC_ROOT_CLASS = YES_ERROR;
				CLANG_WARN_SUSPICIOUS_MOVES = YES;
				CLANG_WARN_UNREACHABLE_CODE = YES;
				CLANG_WARN__DUPLICATE_METHOD_MATCH = YES;
				"CODE_SIGN_IDENTITY[sdk=iphoneos*]" = "iPhone Developer";
				COPY_PHASE_STRIP = NO;
				DEBUG_INFORMATION_FORMAT = "dwarf-with-dsym";
				ENABLE_NS_ASSERTIONS = NO;
				ENABLE_STRICT_OBJC_MSGSEND = YES;
				GCC_C_LANGUAGE_STANDARD = gnu99;
				GCC_NO_COMMON_BLOCKS = YES;
				GCC_WARN_64_TO_32_BIT_CONVERSION = YES;
				GCC_WARN_ABOUT_RETURN_TYPE = YES_ERROR;
				GCC_WARN_UNDECLARED_SELECTOR = YES;
				GCC_WARN_UNINITIALIZED_AUTOS = YES_AGGRESSIVE;
				GCC_WARN_UNUSED_FUNCTION = YES;
				GCC_WARN_UNUSED_VARIABLE = YES;
				IPHONEOS_DEPLOYMENT_TARGET = 10.0;
				MTL_ENABLE_DEBUG_INFO = NO;
				SDKROOT = iphoneos;
				SWIFT_OPTIMIZATION_LEVEL = "-Owholemodule";
				TARGETED_DEVICE_FAMILY = "1,2";
				VALIDATE_PRODUCT = YES;
			};
			name = Release;
		};
		02EA85FF1DB3C63400A234FA /* Debug */ = {
			isa = XCBuildConfiguration;
			buildSettings = {
				ASSETCATALOG_COMPILER_APPICON_NAME = AppIcon;
				DEVELOPMENT_TEAM = X73D3T9G92;
				INFOPLIST_FILE = IG_test_1016/Info.plist;
				LD_RUNPATH_SEARCH_PATHS = "$(inherited) @executable_path/Frameworks";
				PRODUCT_BUNDLE_IDENTIFIER = "com.Jerome.IG-test-1016";
				PRODUCT_NAME = "$(TARGET_NAME)";
				SWIFT_VERSION = 3.0;
				TARGETED_DEVICE_FAMILY = 1;
			};
			name = Debug;
		};
		02EA86001DB3C63400A234FA /* Release */ = {
			isa = XCBuildConfiguration;
			buildSettings = {
				ASSETCATALOG_COMPILER_APPICON_NAME = AppIcon;
				DEVELOPMENT_TEAM = X73D3T9G92;
				INFOPLIST_FILE = IG_test_1016/Info.plist;
				LD_RUNPATH_SEARCH_PATHS = "$(inherited) @executable_path/Frameworks";
				PRODUCT_BUNDLE_IDENTIFIER = "com.Jerome.IG-test-1016";
				PRODUCT_NAME = "$(TARGET_NAME)";
				SWIFT_VERSION = 3.0;
				TARGETED_DEVICE_FAMILY = 1;
			};
			name = Release;
		};
/* End XCBuildConfiguration section */

/* Begin XCConfigurationList section */
		02EA85E71DB3C63300A234FA /* Build configuration list for PBXProject "IG_test_1016" */ = {
			isa = XCConfigurationList;
			buildConfigurations = (
				02EA85FC1DB3C63400A234FA /* Debug */,
				02EA85FD1DB3C63400A234FA /* Release */,
			);
			defaultConfigurationIsVisible = 0;
			defaultConfigurationName = Release;
		};
		02EA85FE1DB3C63400A234FA /* Build configuration list for PBXNativeTarget "IG_test_1016" */ = {
			isa = XCConfigurationList;
			buildConfigurations = (
				02EA85FF1DB3C63400A234FA /* Debug */,
				02EA86001DB3C63400A234FA /* Release */,
			);
			defaultConfigurationIsVisible = 0;
		};
/* End XCConfigurationList section */
	};
	rootObject = 02EA85E41DB3C63300A234FA /* Project object */;
}
